
Microsoft Visual Studio Solution File, Format Version 12.00
# Visual Studio Version 16
VisualStudioVersion = 16.0.30621.155
MinimumVisualStudioVersion = 10.0.40219.1
Project("{FAE04EC0-301F-11D3-BF4B-00C04F79EFBC}") = "damatahtası", "damatahtası.csproj", "{BA9D97C3-4577-40D2-BF60-9569D177445C}"
EndProject
Global
	GlobalSection(SolutionConfigurationPlatforms) = preSolution
		Debug|Any CPU = Debug|Any CPU
		Release|Any CPU = Release|Any CPU
	EndGlobalSection
	GlobalSection(ProjectConfigurationPlatforms) = postSolution
		{BA9D97C3-4577-40D2-BF60-9569D177445C}.Debug|Any CPU.ActiveCfg = Debug|Any CPU
		{BA9D97C3-4577-40D2-BF60-9569D177445C}.Debug|Any CPU.Build.0 = Debug|Any CPU
		{BA9D97C3-4577-40D2-BF60-9569D177445C}.Release|Any CPU.ActiveCfg = Release|Any CPU
		{BA9D97C3-4577-40D2-BF60-9569D177445C}.Release|Any CPU.Build.0 = Release|Any CPU
	EndGlobalSection
	GlobalSection(SolutionProperties) = preSolution
		HideSolutionNode = FALSE
	EndGlobalSection
	GlobalSection(ExtensibilityGlobals) = postSolution
		SolutionGuid = {894DB016-B3A1-4033-BD76-31C013F8BD19}
	EndGlobalSection
EndGlobal
